// !$*UTF8*$!
{
	archiveVersion = 1;
	classes = {
	};
	objectVersion = 56;
	objects = {

/* Begin PBXBuildFile section */
		16836DA32C3EA0F200C1024A /* tokolatorApp.swift in Sources */ = {isa = PBXBuildFile; fileRef = 16836DA22C3EA0F200C1024A /* tokolatorApp.swift */; };
		16836DA52C3EA0F200C1024A /* ContentView.swift in Sources */ = {isa = PBXBuildFile; fileRef = 16836DA42C3EA0F200C1024A /* ContentView.swift */; };
		16836DA72C3EA0F400C1024A /* Assets.xcassets in Resources */ = {isa = PBXBuildFile; fileRef = 16836DA62C3EA0F400C1024A /* Assets.xcassets */; };
		16836DAA2C3EA0F400C1024A /* Preview Assets.xcassets in Resources */ = {isa = PBXBuildFile; fileRef = 16836DA92C3EA0F400C1024A /* Preview Assets.xcassets */; };
		16836DB62C3EA74100C1024A /* Service.swift in Sources */ = {isa = PBXBuildFile; fileRef = 16836DB52C3EA74100C1024A /* Service.swift */; };
		16836DB82C3EA75200C1024A /* Item.swift in Sources */ = {isa = PBXBuildFile; fileRef = 16836DB72C3EA75200C1024A /* Item.swift */; };
		16836DBA2C3EA76B00C1024A /* CashierView.swift in Sources */ = {isa = PBXBuildFile; fileRef = 16836DB92C3EA76B00C1024A /* CashierView.swift */; };
		16836DBC2C3EA79900C1024A /* CashierViewModel.swift in Sources */ = {isa = PBXBuildFile; fileRef = 16836DBB2C3EA79900C1024A /* CashierViewModel.swift */; };
		16836DBE2C3EA7F800C1024A /* Util.swift in Sources */ = {isa = PBXBuildFile; fileRef = 16836DBD2C3EA7F800C1024A /* Util.swift */; };
		16836DC42C3FD02900C1024A /* TransactionView.swift in Sources */ = {isa = PBXBuildFile; fileRef = 16836DC32C3FD02900C1024A /* TransactionView.swift */; };
		16836DC62C3FD1C100C1024A /* DailyCardView.swift in Sources */ = {isa = PBXBuildFile; fileRef = 16836DC52C3FD1C100C1024A /* DailyCardView.swift */; };
		16836DC82C3FDE6400C1024A /* DateMonthPicker.swift in Sources */ = {isa = PBXBuildFile; fileRef = 16836DC72C3FDE6400C1024A /* DateMonthPicker.swift */; };
		16836DCA2C40619000C1024A /* Transaction.swift in Sources */ = {isa = PBXBuildFile; fileRef = 16836DC92C40619000C1024A /* Transaction.swift */; };
		16836DCC2C4061EF00C1024A /* TransactionViewModel.swift in Sources */ = {isa = PBXBuildFile; fileRef = 16836DCB2C4061EF00C1024A /* TransactionViewModel.swift */; };
		53983E372C3FBE2C0028CCF6 /* InventoryView.swift in Sources */ = {isa = PBXBuildFile; fileRef = 53983E362C3FBE2C0028CCF6 /* InventoryView.swift */; };
		53983E3C2C3FC3820028CCF6 /* AddItemView.swift in Sources */ = {isa = PBXBuildFile; fileRef = 53983E3B2C3FC3820028CCF6 /* AddItemView.swift */; };
		53983E3E2C3FC4450028CCF6 /* ItemDetailView.swift in Sources */ = {isa = PBXBuildFile; fileRef = 53983E3D2C3FC4450028CCF6 /* ItemDetailView.swift */; };
		53983E402C3FC4F20028CCF6 /* RestockView.swift in Sources */ = {isa = PBXBuildFile; fileRef = 53983E3F2C3FC4F20028CCF6 /* RestockView.swift */; };
		8F288DA62C41FF8A005B20A5 /* ControlButtons.swift in Sources */ = {isa = PBXBuildFile; fileRef = 8F288DA52C41FF85005B20A5 /* ControlButtons.swift */; };
		8F288DA82C41FFB7005B20A5 /* ItemRow.swift in Sources */ = {isa = PBXBuildFile; fileRef = 8F288DA72C41FFAC005B20A5 /* ItemRow.swift */; };
		8F288DAA2C42008F005B20A5 /* ItemCountAdjustSheet.swift in Sources */ = {isa = PBXBuildFile; fileRef = 8F288DA92C420084005B20A5 /* ItemCountAdjustSheet.swift */; };
		8F288DAC2C4200B1005B20A5 /* SummarySheet.swift in Sources */ = {isa = PBXBuildFile; fileRef = 8F288DAB2C4200AB005B20A5 /* SummarySheet.swift */; };
		53983E442C4373860028CCF6 /* Enums.swift in Sources */ = {isa = PBXBuildFile; fileRef = 53983E432C4373860028CCF6 /* Enums.swift */; };
/* End PBXBuildFile section */

/* Begin PBXFileReference section */
		16836D9F2C3EA0F200C1024A /* tokolator.app */ = {isa = PBXFileReference; explicitFileType = wrapper.application; includeInIndex = 0; path = tokolator.app; sourceTree = BUILT_PRODUCTS_DIR; };
		16836DA22C3EA0F200C1024A /* tokolatorApp.swift */ = {isa = PBXFileReference; lastKnownFileType = sourcecode.swift; path = tokolatorApp.swift; sourceTree = "<group>"; };
		16836DA42C3EA0F200C1024A /* ContentView.swift */ = {isa = PBXFileReference; lastKnownFileType = sourcecode.swift; path = ContentView.swift; sourceTree = "<group>"; };
		16836DA62C3EA0F400C1024A /* Assets.xcassets */ = {isa = PBXFileReference; lastKnownFileType = folder.assetcatalog; path = Assets.xcassets; sourceTree = "<group>"; };
		16836DA92C3EA0F400C1024A /* Preview Assets.xcassets */ = {isa = PBXFileReference; lastKnownFileType = folder.assetcatalog; path = "Preview Assets.xcassets"; sourceTree = "<group>"; };
		16836DB52C3EA74100C1024A /* Service.swift */ = {isa = PBXFileReference; lastKnownFileType = sourcecode.swift; path = Service.swift; sourceTree = "<group>"; };
		16836DB72C3EA75200C1024A /* Item.swift */ = {isa = PBXFileReference; lastKnownFileType = sourcecode.swift; path = Item.swift; sourceTree = "<group>"; };
		16836DB92C3EA76B00C1024A /* CashierView.swift */ = {isa = PBXFileReference; lastKnownFileType = sourcecode.swift; path = CashierView.swift; sourceTree = "<group>"; };
		16836DBB2C3EA79900C1024A /* CashierViewModel.swift */ = {isa = PBXFileReference; lastKnownFileType = sourcecode.swift; path = CashierViewModel.swift; sourceTree = "<group>"; };
		16836DBD2C3EA7F800C1024A /* Util.swift */ = {isa = PBXFileReference; lastKnownFileType = sourcecode.swift; path = Util.swift; sourceTree = "<group>"; };
		16836DC32C3FD02900C1024A /* TransactionView.swift */ = {isa = PBXFileReference; lastKnownFileType = sourcecode.swift; path = TransactionView.swift; sourceTree = "<group>"; };
		16836DC52C3FD1C100C1024A /* DailyCardView.swift */ = {isa = PBXFileReference; lastKnownFileType = sourcecode.swift; path = DailyCardView.swift; sourceTree = "<group>"; };
		16836DC72C3FDE6400C1024A /* DateMonthPicker.swift */ = {isa = PBXFileReference; lastKnownFileType = sourcecode.swift; path = DateMonthPicker.swift; sourceTree = "<group>"; };
		16836DC92C40619000C1024A /* Transaction.swift */ = {isa = PBXFileReference; lastKnownFileType = sourcecode.swift; path = Transaction.swift; sourceTree = "<group>"; };
		16836DCB2C4061EF00C1024A /* TransactionViewModel.swift */ = {isa = PBXFileReference; lastKnownFileType = sourcecode.swift; path = TransactionViewModel.swift; sourceTree = "<group>"; };
		53983E362C3FBE2C0028CCF6 /* InventoryView.swift */ = {isa = PBXFileReference; lastKnownFileType = sourcecode.swift; path = InventoryView.swift; sourceTree = "<group>"; };
		53983E3B2C3FC3820028CCF6 /* AddItemView.swift */ = {isa = PBXFileReference; lastKnownFileType = sourcecode.swift; path = AddItemView.swift; sourceTree = "<group>"; };
		53983E3D2C3FC4450028CCF6 /* ItemDetailView.swift */ = {isa = PBXFileReference; lastKnownFileType = sourcecode.swift; path = ItemDetailView.swift; sourceTree = "<group>"; };
		53983E3F2C3FC4F20028CCF6 /* RestockView.swift */ = {isa = PBXFileReference; lastKnownFileType = sourcecode.swift; path = RestockView.swift; sourceTree = "<group>"; };
		8F288DA52C41FF85005B20A5 /* ControlButtons.swift */ = {isa = PBXFileReference; lastKnownFileType = sourcecode.swift; path = ControlButtons.swift; sourceTree = "<group>"; };
		8F288DA72C41FFAC005B20A5 /* ItemRow.swift */ = {isa = PBXFileReference; lastKnownFileType = sourcecode.swift; path = ItemRow.swift; sourceTree = "<group>"; };
		8F288DA92C420084005B20A5 /* ItemCountAdjustSheet.swift */ = {isa = PBXFileReference; lastKnownFileType = sourcecode.swift; path = ItemCountAdjustSheet.swift; sourceTree = "<group>"; };
		8F288DAB2C4200AB005B20A5 /* SummarySheet.swift */ = {isa = PBXFileReference; lastKnownFileType = sourcecode.swift; path = SummarySheet.swift; sourceTree = "<group>"; };
		53983E432C4373860028CCF6 /* Enums.swift */ = {isa = PBXFileReference; lastKnownFileType = sourcecode.swift; path = Enums.swift; sourceTree = "<group>"; };
/* End PBXFileReference section */

/* Begin PBXFrameworksBuildPhase section */
		16836D9C2C3EA0F200C1024A /* Frameworks */ = {
			isa = PBXFrameworksBuildPhase;
			buildActionMask = 2147483647;
			files = (
			);
			runOnlyForDeploymentPostprocessing = 0;
		};
/* End PBXFrameworksBuildPhase section */

/* Begin PBXGroup section */
		16836D962C3EA0F200C1024A = {
			isa = PBXGroup;
			children = (
				16836DA12C3EA0F200C1024A /* tokolator */,
				16836DA02C3EA0F200C1024A /* Products */,
			);
			sourceTree = "<group>";
		};
		16836DA02C3EA0F200C1024A /* Products */ = {
			isa = PBXGroup;
			children = (
				16836D9F2C3EA0F200C1024A /* tokolator.app */,
			);
			name = Products;
			sourceTree = "<group>";
		};
		16836DA12C3EA0F200C1024A /* tokolator */ = {
			isa = PBXGroup;
			children = (
				16836DA22C3EA0F200C1024A /* tokolatorApp.swift */,
				16836DB32C3EA68100C1024A /* Services */,
				16836DB02C3EA62B00C1024A /* Models */,
				16836DB12C3EA63C00C1024A /* Views */,
				16836DB22C3EA65300C1024A /* ViewModels */,
				16836DB42C3EA69B00C1024A /* Utils */,
				16836DA62C3EA0F400C1024A /* Assets.xcassets */,
				16836DA82C3EA0F400C1024A /* Preview Content */,
			);
			path = tokolator;
			sourceTree = "<group>";
		};
		16836DA82C3EA0F400C1024A /* Preview Content */ = {
			isa = PBXGroup;
			children = (
				16836DA92C3EA0F400C1024A /* Preview Assets.xcassets */,
			);
			path = "Preview Content";
			sourceTree = "<group>";
		};
		16836DB02C3EA62B00C1024A /* Models */ = {
			isa = PBXGroup;
			children = (
				16836DB72C3EA75200C1024A /* Item.swift */,
				16836DC92C40619000C1024A /* Transaction.swift */,
			);
			path = Models;
			sourceTree = "<group>";
		};
		16836DB12C3EA63C00C1024A /* Views */ = {
			isa = PBXGroup;
			children = (
				16836DA42C3EA0F200C1024A /* ContentView.swift */,
				53983E422C3FC5940028CCF6 /* History */,
				53983E412C3FC58B0028CCF6 /* Cashier */,
				53983E382C3FC3420028CCF6 /* Inventory */,
				16836DC22C3FD00600C1024A /* Transaction */,
			);
			path = Views;
			sourceTree = "<group>";
		};
		16836DB22C3EA65300C1024A /* ViewModels */ = {
			isa = PBXGroup;
			children = (
				16836DBB2C3EA79900C1024A /* CashierViewModel.swift */,
				16836DCB2C4061EF00C1024A /* TransactionViewModel.swift */,
			);
			path = ViewModels;
			sourceTree = "<group>";
		};
		16836DB32C3EA68100C1024A /* Services */ = {
			isa = PBXGroup;
			children = (
				16836DB52C3EA74100C1024A /* Service.swift */,
			);
			path = Services;
			sourceTree = "<group>";
		};
		16836DB42C3EA69B00C1024A /* Utils */ = {
			isa = PBXGroup;
			children = (
				16836DBD2C3EA7F800C1024A /* Util.swift */,
				53983E432C4373860028CCF6 /* Enums.swift */,
			);
			path = Utils;
			sourceTree = "<group>";
		};
		16836DC22C3FD00600C1024A /* Transaction */ = {
			isa = PBXGroup;
			children = (
				16836DC32C3FD02900C1024A /* TransactionView.swift */,
				16836DC72C3FDE6400C1024A /* DateMonthPicker.swift */,
				16836DC52C3FD1C100C1024A /* DailyCardView.swift */,
			);
			path = Transaction;
			sourceTree = "<group>";
		};
		53983E382C3FC3420028CCF6 /* Inventory */ = {
			isa = PBXGroup;
			children = (
				53983E362C3FBE2C0028CCF6 /* InventoryView.swift */,
				53983E3B2C3FC3820028CCF6 /* AddItemView.swift */,
				53983E3D2C3FC4450028CCF6 /* ItemDetailView.swift */,
				53983E3F2C3FC4F20028CCF6 /* RestockView.swift */,
			);
			path = Inventory;
			sourceTree = "<group>";
		};
		53983E412C3FC58B0028CCF6 /* Cashier */ = {
			isa = PBXGroup;
			children = (
				8F288DA42C41FF7B005B20A5 /* Components */,
				16836DB92C3EA76B00C1024A /* CashierView.swift */,
			);
			path = Cashier;
			sourceTree = "<group>";
		};
		53983E422C3FC5940028CCF6 /* History */ = {
			isa = PBXGroup;
			children = (
			);
			path = History;
			sourceTree = "<group>";
		};
		8F288DA42C41FF7B005B20A5 /* Components */ = {
			isa = PBXGroup;
			children = (
				8F288DAB2C4200AB005B20A5 /* SummarySheet.swift */,
				8F288DA92C420084005B20A5 /* ItemCountAdjustSheet.swift */,
				8F288DA72C41FFAC005B20A5 /* ItemRow.swift */,
				8F288DA52C41FF85005B20A5 /* ControlButtons.swift */,
			);
			path = Components;
			sourceTree = "<group>";
		};
/* End PBXGroup section */

/* Begin PBXNativeTarget section */
		16836D9E2C3EA0F200C1024A /* tokolator */ = {
			isa = PBXNativeTarget;
			buildConfigurationList = 16836DAD2C3EA0F400C1024A /* Build configuration list for PBXNativeTarget "tokolator" */;
			buildPhases = (
				16836D9B2C3EA0F200C1024A /* Sources */,
				16836D9C2C3EA0F200C1024A /* Frameworks */,
				16836D9D2C3EA0F200C1024A /* Resources */,
			);
			buildRules = (
			);
			dependencies = (
			);
			name = tokolator;
			productName = tokolator;
			productReference = 16836D9F2C3EA0F200C1024A /* tokolator.app */;
			productType = "com.apple.product-type.application";
		};
/* End PBXNativeTarget section */

/* Begin PBXProject section */
		16836D972C3EA0F200C1024A /* Project object */ = {
			isa = PBXProject;
			attributes = {
				BuildIndependentTargetsInParallel = 1;
				LastSwiftUpdateCheck = 1540;
				LastUpgradeCheck = 1540;
				TargetAttributes = {
					16836D9E2C3EA0F200C1024A = {
						CreatedOnToolsVersion = 15.4;
					};
				};
			};
			buildConfigurationList = 16836D9A2C3EA0F200C1024A /* Build configuration list for PBXProject "tokolator" */;
			compatibilityVersion = "Xcode 14.0";
			developmentRegion = en;
			hasScannedForEncodings = 0;
			knownRegions = (
				en,
				Base,
			);
			mainGroup = 16836D962C3EA0F200C1024A;
			productRefGroup = 16836DA02C3EA0F200C1024A /* Products */;
			projectDirPath = "";
			projectRoot = "";
			targets = (
				16836D9E2C3EA0F200C1024A /* tokolator */,
			);
		};
/* End PBXProject section */

/* Begin PBXResourcesBuildPhase section */
		16836D9D2C3EA0F200C1024A /* Resources */ = {
			isa = PBXResourcesBuildPhase;
			buildActionMask = 2147483647;
			files = (
				16836DAA2C3EA0F400C1024A /* Preview Assets.xcassets in Resources */,
				16836DA72C3EA0F400C1024A /* Assets.xcassets in Resources */,
			);
			runOnlyForDeploymentPostprocessing = 0;
		};
/* End PBXResourcesBuildPhase section */

/* Begin PBXSourcesBuildPhase section */
		16836D9B2C3EA0F200C1024A /* Sources */ = {
			isa = PBXSourcesBuildPhase;
			buildActionMask = 2147483647;
			files = (
				53983E3E2C3FC4450028CCF6 /* ItemDetailView.swift in Sources */,
				16836DBC2C3EA79900C1024A /* CashierViewModel.swift in Sources */,
				16836DC62C3FD1C100C1024A /* DailyCardView.swift in Sources */,
				53983E3C2C3FC3820028CCF6 /* AddItemView.swift in Sources */,
				16836DBA2C3EA76B00C1024A /* CashierView.swift in Sources */,
				53983E442C4373860028CCF6 /* Enums.swift in Sources */,
				16836DB82C3EA75200C1024A /* Item.swift in Sources */,
				16836DC42C3FD02900C1024A /* TransactionView.swift in Sources */,
				8F288DA62C41FF8A005B20A5 /* ControlButtons.swift in Sources */,
				16836DCC2C4061EF00C1024A /* TransactionViewModel.swift in Sources */,
				8F288DA82C41FFB7005B20A5 /* ItemRow.swift in Sources */,
				16836DA52C3EA0F200C1024A /* ContentView.swift in Sources */,
				53983E402C3FC4F20028CCF6 /* RestockView.swift in Sources */,
				8F288DAC2C4200B1005B20A5 /* SummarySheet.swift in Sources */,
				16836DBE2C3EA7F800C1024A /* Util.swift in Sources */,
				16836DA32C3EA0F200C1024A /* tokolatorApp.swift in Sources */,
				16836DB62C3EA74100C1024A /* Service.swift in Sources */,
				8F288DAA2C42008F005B20A5 /* ItemCountAdjustSheet.swift in Sources */,
				16836DC82C3FDE6400C1024A /* DateMonthPicker.swift in Sources */,
				53983E372C3FBE2C0028CCF6 /* InventoryView.swift in Sources */,
				16836DCA2C40619000C1024A /* Transaction.swift in Sources */,
			);
			runOnlyForDeploymentPostprocessing = 0;
		};
/* End PBXSourcesBuildPhase section */

/* Begin XCBuildConfiguration section */
		16836DAB2C3EA0F400C1024A /* Debug */ = {
			isa = XCBuildConfiguration;
			buildSettings = {
				ALWAYS_SEARCH_USER_PATHS = NO;
				ASSETCATALOG_COMPILER_GENERATE_SWIFT_ASSET_SYMBOL_EXTENSIONS = YES;
				CLANG_ANALYZER_NONNULL = YES;
				CLANG_ANALYZER_NUMBER_OBJECT_CONVERSION = YES_AGGRESSIVE;
				CLANG_CXX_LANGUAGE_STANDARD = "gnu++20";
				CLANG_ENABLE_MODULES = YES;
				CLANG_ENABLE_OBJC_ARC = YES;
				CLANG_ENABLE_OBJC_WEAK = YES;
				CLANG_WARN_BLOCK_CAPTURE_AUTORELEASING = YES;
				CLANG_WARN_BOOL_CONVERSION = YES;
				CLANG_WARN_COMMA = YES;
				CLANG_WARN_CONSTANT_CONVERSION = YES;
				CLANG_WARN_DEPRECATED_OBJC_IMPLEMENTATIONS = YES;
				CLANG_WARN_DIRECT_OBJC_ISA_USAGE = YES_ERROR;
				CLANG_WARN_DOCUMENTATION_COMMENTS = YES;
				CLANG_WARN_EMPTY_BODY = YES;
				CLANG_WARN_ENUM_CONVERSION = YES;
				CLANG_WARN_INFINITE_RECURSION = YES;
				CLANG_WARN_INT_CONVERSION = YES;
				CLANG_WARN_NON_LITERAL_NULL_CONVERSION = YES;
				CLANG_WARN_OBJC_IMPLICIT_RETAIN_SELF = YES;
				CLANG_WARN_OBJC_LITERAL_CONVERSION = YES;
				CLANG_WARN_OBJC_ROOT_CLASS = YES_ERROR;
				CLANG_WARN_QUOTED_INCLUDE_IN_FRAMEWORK_HEADER = YES;
				CLANG_WARN_RANGE_LOOP_ANALYSIS = YES;
				CLANG_WARN_STRICT_PROTOTYPES = YES;
				CLANG_WARN_SUSPICIOUS_MOVE = YES;
				CLANG_WARN_UNGUARDED_AVAILABILITY = YES_AGGRESSIVE;
				CLANG_WARN_UNREACHABLE_CODE = YES;
				CLANG_WARN__DUPLICATE_METHOD_MATCH = YES;
				COPY_PHASE_STRIP = NO;
				DEBUG_INFORMATION_FORMAT = dwarf;
				ENABLE_STRICT_OBJC_MSGSEND = YES;
				ENABLE_TESTABILITY = YES;
				ENABLE_USER_SCRIPT_SANDBOXING = YES;
				GCC_C_LANGUAGE_STANDARD = gnu17;
				GCC_DYNAMIC_NO_PIC = NO;
				GCC_NO_COMMON_BLOCKS = YES;
				GCC_OPTIMIZATION_LEVEL = 0;
				GCC_PREPROCESSOR_DEFINITIONS = (
					"DEBUG=1",
					"$(inherited)",
				);
				GCC_WARN_64_TO_32_BIT_CONVERSION = YES;
				GCC_WARN_ABOUT_RETURN_TYPE = YES_ERROR;
				GCC_WARN_UNDECLARED_SELECTOR = YES;
				GCC_WARN_UNINITIALIZED_AUTOS = YES_AGGRESSIVE;
				GCC_WARN_UNUSED_FUNCTION = YES;
				GCC_WARN_UNUSED_VARIABLE = YES;
				IPHONEOS_DEPLOYMENT_TARGET = 17.5;
				LOCALIZATION_PREFERS_STRING_CATALOGS = YES;
				MTL_ENABLE_DEBUG_INFO = INCLUDE_SOURCE;
				MTL_FAST_MATH = YES;
				ONLY_ACTIVE_ARCH = YES;
				SDKROOT = iphoneos;
				SWIFT_ACTIVE_COMPILATION_CONDITIONS = "DEBUG $(inherited)";
				SWIFT_OPTIMIZATION_LEVEL = "-Onone";
			};
			name = Debug;
		};
		16836DAC2C3EA0F400C1024A /* Release */ = {
			isa = XCBuildConfiguration;
			buildSettings = {
				ALWAYS_SEARCH_USER_PATHS = NO;
				ASSETCATALOG_COMPILER_GENERATE_SWIFT_ASSET_SYMBOL_EXTENSIONS = YES;
				CLANG_ANALYZER_NONNULL = YES;
				CLANG_ANALYZER_NUMBER_OBJECT_CONVERSION = YES_AGGRESSIVE;
				CLANG_CXX_LANGUAGE_STANDARD = "gnu++20";
				CLANG_ENABLE_MODULES = YES;
				CLANG_ENABLE_OBJC_ARC = YES;
				CLANG_ENABLE_OBJC_WEAK = YES;
				CLANG_WARN_BLOCK_CAPTURE_AUTORELEASING = YES;
				CLANG_WARN_BOOL_CONVERSION = YES;
				CLANG_WARN_COMMA = YES;
				CLANG_WARN_CONSTANT_CONVERSION = YES;
				CLANG_WARN_DEPRECATED_OBJC_IMPLEMENTATIONS = YES;
				CLANG_WARN_DIRECT_OBJC_ISA_USAGE = YES_ERROR;
				CLANG_WARN_DOCUMENTATION_COMMENTS = YES;
				CLANG_WARN_EMPTY_BODY = YES;
				CLANG_WARN_ENUM_CONVERSION = YES;
				CLANG_WARN_INFINITE_RECURSION = YES;
				CLANG_WARN_INT_CONVERSION = YES;
				CLANG_WARN_NON_LITERAL_NULL_CONVERSION = YES;
				CLANG_WARN_OBJC_IMPLICIT_RETAIN_SELF = YES;
				CLANG_WARN_OBJC_LITERAL_CONVERSION = YES;
				CLANG_WARN_OBJC_ROOT_CLASS = YES_ERROR;
				CLANG_WARN_QUOTED_INCLUDE_IN_FRAMEWORK_HEADER = YES;
				CLANG_WARN_RANGE_LOOP_ANALYSIS = YES;
				CLANG_WARN_STRICT_PROTOTYPES = YES;
				CLANG_WARN_SUSPICIOUS_MOVE = YES;
				CLANG_WARN_UNGUARDED_AVAILABILITY = YES_AGGRESSIVE;
				CLANG_WARN_UNREACHABLE_CODE = YES;
				CLANG_WARN__DUPLICATE_METHOD_MATCH = YES;
				COPY_PHASE_STRIP = NO;
				DEBUG_INFORMATION_FORMAT = "dwarf-with-dsym";
				ENABLE_NS_ASSERTIONS = NO;
				ENABLE_STRICT_OBJC_MSGSEND = YES;
				ENABLE_USER_SCRIPT_SANDBOXING = YES;
				GCC_C_LANGUAGE_STANDARD = gnu17;
				GCC_NO_COMMON_BLOCKS = YES;
				GCC_WARN_64_TO_32_BIT_CONVERSION = YES;
				GCC_WARN_ABOUT_RETURN_TYPE = YES_ERROR;
				GCC_WARN_UNDECLARED_SELECTOR = YES;
				GCC_WARN_UNINITIALIZED_AUTOS = YES_AGGRESSIVE;
				GCC_WARN_UNUSED_FUNCTION = YES;
				GCC_WARN_UNUSED_VARIABLE = YES;
				IPHONEOS_DEPLOYMENT_TARGET = 17.5;
				LOCALIZATION_PREFERS_STRING_CATALOGS = YES;
				MTL_ENABLE_DEBUG_INFO = NO;
				MTL_FAST_MATH = YES;
				SDKROOT = iphoneos;
				SWIFT_COMPILATION_MODE = wholemodule;
				VALIDATE_PRODUCT = YES;
			};
			name = Release;
		};
		16836DAE2C3EA0F400C1024A /* Debug */ = {
			isa = XCBuildConfiguration;
			buildSettings = {
				ASSETCATALOG_COMPILER_APPICON_NAME = AppIcon;
				ASSETCATALOG_COMPILER_GLOBAL_ACCENT_COLOR_NAME = AccentColor;
				CODE_SIGN_STYLE = Automatic;
				CURRENT_PROJECT_VERSION = 1;
				DEVELOPMENT_ASSET_PATHS = "\"tokolator/Preview Content\"";
				DEVELOPMENT_TEAM = A23N5QDWR3;
				ENABLE_PREVIEWS = YES;
				GENERATE_INFOPLIST_FILE = YES;
				INFOPLIST_KEY_UIApplicationSceneManifest_Generation = YES;
				INFOPLIST_KEY_UIApplicationSupportsIndirectInputEvents = YES;
				INFOPLIST_KEY_UILaunchScreen_Generation = YES;
				INFOPLIST_KEY_UISupportedInterfaceOrientations_iPad = "UIInterfaceOrientationPortrait UIInterfaceOrientationPortraitUpsideDown UIInterfaceOrientationLandscapeLeft UIInterfaceOrientationLandscapeRight";
				INFOPLIST_KEY_UISupportedInterfaceOrientations_iPhone = "UIInterfaceOrientationPortrait UIInterfaceOrientationLandscapeLeft UIInterfaceOrientationLandscapeRight";
				LD_RUNPATH_SEARCH_PATHS = (
					"$(inherited)",
					"@executable_path/Frameworks",
				);
				MARKETING_VERSION = 1.0;
				PRODUCT_BUNDLE_IDENTIFIER = akmaalhkm.tokolator;
				PRODUCT_NAME = "$(TARGET_NAME)";
				SWIFT_EMIT_LOC_STRINGS = YES;
				SWIFT_VERSION = 5.0;
				TARGETED_DEVICE_FAMILY = "1,2";
			};
			name = Debug;
		};
		16836DAF2C3EA0F400C1024A /* Release */ = {
			isa = XCBuildConfiguration;
			buildSettings = {
				ASSETCATALOG_COMPILER_APPICON_NAME = AppIcon;
				ASSETCATALOG_COMPILER_GLOBAL_ACCENT_COLOR_NAME = AccentColor;
				CODE_SIGN_STYLE = Automatic;
				CURRENT_PROJECT_VERSION = 1;
				DEVELOPMENT_ASSET_PATHS = "\"tokolator/Preview Content\"";
				DEVELOPMENT_TEAM = A23N5QDWR3;
				ENABLE_PREVIEWS = YES;
				GENERATE_INFOPLIST_FILE = YES;
				INFOPLIST_KEY_UIApplicationSceneManifest_Generation = YES;
				INFOPLIST_KEY_UIApplicationSupportsIndirectInputEvents = YES;
				INFOPLIST_KEY_UILaunchScreen_Generation = YES;
				INFOPLIST_KEY_UISupportedInterfaceOrientations_iPad = "UIInterfaceOrientationPortrait UIInterfaceOrientationPortraitUpsideDown UIInterfaceOrientationLandscapeLeft UIInterfaceOrientationLandscapeRight";
				INFOPLIST_KEY_UISupportedInterfaceOrientations_iPhone = "UIInterfaceOrientationPortrait UIInterfaceOrientationLandscapeLeft UIInterfaceOrientationLandscapeRight";
				LD_RUNPATH_SEARCH_PATHS = (
					"$(inherited)",
					"@executable_path/Frameworks",
				);
				MARKETING_VERSION = 1.0;
				PRODUCT_BUNDLE_IDENTIFIER = akmaalhkm.tokolator;
				PRODUCT_NAME = "$(TARGET_NAME)";
				SWIFT_EMIT_LOC_STRINGS = YES;
				SWIFT_VERSION = 5.0;
				TARGETED_DEVICE_FAMILY = "1,2";
			};
			name = Release;
		};
/* End XCBuildConfiguration section */

/* Begin XCConfigurationList section */
		16836D9A2C3EA0F200C1024A /* Build configuration list for PBXProject "tokolator" */ = {
			isa = XCConfigurationList;
			buildConfigurations = (
				16836DAB2C3EA0F400C1024A /* Debug */,
				16836DAC2C3EA0F400C1024A /* Release */,
			);
			defaultConfigurationIsVisible = 0;
			defaultConfigurationName = Release;
		};
		16836DAD2C3EA0F400C1024A /* Build configuration list for PBXNativeTarget "tokolator" */ = {
			isa = XCConfigurationList;
			buildConfigurations = (
				16836DAE2C3EA0F400C1024A /* Debug */,
				16836DAF2C3EA0F400C1024A /* Release */,
			);
			defaultConfigurationIsVisible = 0;
			defaultConfigurationName = Release;
		};
/* End XCConfigurationList section */
	};
	rootObject = 16836D972C3EA0F200C1024A /* Project object */;
}
